
Microsoft Visual Studio Solution File, Format Version 12.00
# Visual Studio Version 17
VisualStudioVersion = 17.3.32901.215
MinimumVisualStudioVersion = 10.0.40219.1
Project("{FAE04EC0-301F-11D3-BF4B-00C04F79EFBC}") = "CompositeV6", "CompositeV6\CompositeV6.csproj", "{B24C8350-EFC5-449E-A6CC-EF4EDBDA12D4}"
EndProject
Global
	GlobalSection(SolutionConfigurationPlatforms) = preSolution
		Debug|Any CPU = Debug|Any CPU
		Release|Any CPU = Release|Any CPU
	EndGlobalSection
	GlobalSection(ProjectConfigurationPlatforms) = postSolution
		{B24C8350-EFC5-449E-A6CC-EF4EDBDA12D4}.Debug|Any CPU.ActiveCfg = Debug|Any CPU
		{B24C8350-EFC5-449E-A6CC-EF4EDBDA12D4}.Debug|Any CPU.Build.0 = Debug|Any CPU
		{B24C8350-EFC5-449E-A6CC-EF4EDBDA12D4}.Release|Any CPU.ActiveCfg = Release|Any CPU
		{B24C8350-EFC5-449E-A6CC-EF4EDBDA12D4}.Release|Any CPU.Build.0 = Release|Any CPU
	EndGlobalSection
	GlobalSection(SolutionProperties) = preSolution
		HideSolutionNode = FALSE
	EndGlobalSection
	GlobalSection(ExtensibilityGlobals) = postSolution
		SolutionGuid = {3A45D6DE-9BE7-4E68-9B55-F03FC872790E}
	EndGlobalSection
EndGlobal
